
Microsoft Visual Studio Solution File, Format Version 12.00
Project("{FAE04EC0-301F-11D3-BF4B-00C04F79EFBC}") = "AvaloniaUI.Silk", "AvaloniaUI.Silk\AvaloniaUI.Silk.csproj", "{0EDCDEAB-0410-42C9-BF88-9CD4D79CCFED}"
EndProject
Global
	GlobalSection(SolutionConfigurationPlatforms) = preSolution
		Debug|Any CPU = Debug|Any CPU
		Release|Any CPU = Release|Any CPU
	EndGlobalSection
	GlobalSection(ProjectConfigurationPlatforms) = postSolution
		{0EDCDEAB-0410-42C9-BF88-9CD4D79CCFED}.Debug|Any CPU.ActiveCfg = Debug|Any CPU
		{0EDCDEAB-0410-42C9-BF88-9CD4D79CCFED}.Debug|Any CPU.Build.0 = Debug|Any CPU
		{0EDCDEAB-0410-42C9-BF88-9CD4D79CCFED}.Release|Any CPU.ActiveCfg = Release|Any CPU
		{0EDCDEAB-0410-42C9-BF88-9CD4D79CCFED}.Release|Any CPU.Build.0 = Release|Any CPU
	EndGlobalSection
EndGlobal
